
Microsoft Visual Studio Solution File, Format Version 12.00
# Visual Studio Version 17
VisualStudioVersion = 17.11.35327.3
MinimumVisualStudioVersion = 10.0.40219.1
Project("{9A19103F-16F7-4668-BE54-9A1E7A4F7556}") = "CloudReports.Server", "CloudReports.Server\CloudReports.Server.csproj", "{08081DCD-A0EB-4C0F-B55A-DE6FC3CFB8E8}"
EndProject
Project("{54A90642-561A-4BB1-A94E-469ADEE60C69}") = "cloudreports.client", "cloudreports.client\cloudreports.client.esproj", "{83EAAD25-044F-4030-91F8-F1932F36A215}"
EndProject
Project("{00D1A9C2-B5F0-4AF3-8072-F6C62B433612}") = "CloudSQL", "CloudSQL\CloudSQL.sqlproj", "{5F5AEB80-8891-4BB6-9F74-53A91288BAF3}"
EndProject
Project("{9A19103F-16F7-4668-BE54-9A1E7A4F7556}") = "CloudModels", "CloudModels\CloudModels.csproj", "{BE8C7D6B-9C40-426D-8E77-205F401347D5}"
EndProject
Project("{9A19103F-16F7-4668-BE54-9A1E7A4F7556}") = "CloudReports.AzureFunctions", "CloudReports.AzureFunctions\CloudReports.AzureFunctions.csproj", "{BFAFAFEA-9CAD-4A2B-A12B-720D25C3E128}"
EndProject
Project("{9A19103F-16F7-4668-BE54-9A1E7A4F7556}") = "CloudReports.DatabaseAccess", "CloudReports.DatabaseAccess\CloudReports.DatabaseAccess.csproj", "{2073343B-FCC1-4B08-860D-D22AF63C5B10}"
EndProject
Project("{FAE04EC0-301F-11D3-BF4B-00C04F79EFBC}") = "CloudReports.Tests", "CloudReports.Tests\CloudReports.Tests.csproj", "{A8DF07A0-6F08-46D8-9C3D-7381DFAE2C73}"
EndProject
Global
	GlobalSection(SolutionConfigurationPlatforms) = preSolution
		Debug|Any CPU = Debug|Any CPU
		Release|Any CPU = Release|Any CPU
	EndGlobalSection
	GlobalSection(ProjectConfigurationPlatforms) = postSolution
		{08081DCD-A0EB-4C0F-B55A-DE6FC3CFB8E8}.Debug|Any CPU.ActiveCfg = Debug|Any CPU
		{08081DCD-A0EB-4C0F-B55A-DE6FC3CFB8E8}.Debug|Any CPU.Build.0 = Debug|Any CPU
		{08081DCD-A0EB-4C0F-B55A-DE6FC3CFB8E8}.Release|Any CPU.ActiveCfg = Release|Any CPU
		{08081DCD-A0EB-4C0F-B55A-DE6FC3CFB8E8}.Release|Any CPU.Build.0 = Release|Any CPU
		{83EAAD25-044F-4030-91F8-F1932F36A215}.Debug|Any CPU.ActiveCfg = Debug|Any CPU
		{83EAAD25-044F-4030-91F8-F1932F36A215}.Debug|Any CPU.Build.0 = Debug|Any CPU
		{83EAAD25-044F-4030-91F8-F1932F36A215}.Debug|Any CPU.Deploy.0 = Debug|Any CPU
		{83EAAD25-044F-4030-91F8-F1932F36A215}.Release|Any CPU.ActiveCfg = Release|Any CPU
		{83EAAD25-044F-4030-91F8-F1932F36A215}.Release|Any CPU.Build.0 = Release|Any CPU
		{83EAAD25-044F-4030-91F8-F1932F36A215}.Release|Any CPU.Deploy.0 = Release|Any CPU
		{5F5AEB80-8891-4BB6-9F74-53A91288BAF3}.Debug|Any CPU.ActiveCfg = Debug|Any CPU
		{5F5AEB80-8891-4BB6-9F74-53A91288BAF3}.Debug|Any CPU.Build.0 = Debug|Any CPU
		{5F5AEB80-8891-4BB6-9F74-53A91288BAF3}.Debug|Any CPU.Deploy.0 = Debug|Any CPU
		{5F5AEB80-8891-4BB6-9F74-53A91288BAF3}.Release|Any CPU.ActiveCfg = Release|Any CPU
		{5F5AEB80-8891-4BB6-9F74-53A91288BAF3}.Release|Any CPU.Build.0 = Release|Any CPU
		{5F5AEB80-8891-4BB6-9F74-53A91288BAF3}.Release|Any CPU.Deploy.0 = Release|Any CPU
		{BE8C7D6B-9C40-426D-8E77-205F401347D5}.Debug|Any CPU.ActiveCfg = Debug|Any CPU
		{BE8C7D6B-9C40-426D-8E77-205F401347D5}.Debug|Any CPU.Build.0 = Debug|Any CPU
		{BE8C7D6B-9C40-426D-8E77-205F401347D5}.Release|Any CPU.ActiveCfg = Release|Any CPU
		{BE8C7D6B-9C40-426D-8E77-205F401347D5}.Release|Any CPU.Build.0 = Release|Any CPU
		{BFAFAFEA-9CAD-4A2B-A12B-720D25C3E128}.Debug|Any CPU.ActiveCfg = Debug|Any CPU
		{BFAFAFEA-9CAD-4A2B-A12B-720D25C3E128}.Debug|Any CPU.Build.0 = Debug|Any CPU
		{BFAFAFEA-9CAD-4A2B-A12B-720D25C3E128}.Release|Any CPU.ActiveCfg = Release|Any CPU
		{BFAFAFEA-9CAD-4A2B-A12B-720D25C3E128}.Release|Any CPU.Build.0 = Release|Any CPU
		{2073343B-FCC1-4B08-860D-D22AF63C5B10}.Debug|Any CPU.ActiveCfg = Debug|Any CPU
		{2073343B-FCC1-4B08-860D-D22AF63C5B10}.Debug|Any CPU.Build.0 = Debug|Any CPU
		{2073343B-FCC1-4B08-860D-D22AF63C5B10}.Release|Any CPU.ActiveCfg = Release|Any CPU
		{2073343B-FCC1-4B08-860D-D22AF63C5B10}.Release|Any CPU.Build.0 = Release|Any CPU
		{A8DF07A0-6F08-46D8-9C3D-7381DFAE2C73}.Debug|Any CPU.ActiveCfg = Debug|Any CPU
		{A8DF07A0-6F08-46D8-9C3D-7381DFAE2C73}.Debug|Any CPU.Build.0 = Debug|Any CPU
		{A8DF07A0-6F08-46D8-9C3D-7381DFAE2C73}.Release|Any CPU.ActiveCfg = Release|Any CPU
		{A8DF07A0-6F08-46D8-9C3D-7381DFAE2C73}.Release|Any CPU.Build.0 = Release|Any CPU
	EndGlobalSection
	GlobalSection(SolutionProperties) = preSolution
		HideSolutionNode = FALSE
	EndGlobalSection
	GlobalSection(ExtensibilityGlobals) = postSolution
		SolutionGuid = {96A43797-ED06-4D20-8477-F9EE9FCEF787}
	EndGlobalSection
EndGlobal
